// !$*UTF8*$!
{
	archiveVersion = 1;
	classes = {
	};
	objectVersion = 50;
	objects = {

/* Begin PBXBuildFile section */
		8D5EC914276A44EA00F36A10 /* AppDelegate.swift in Sources */ = {isa = PBXBuildFile; fileRef = 8D5EC913276A44EA00F36A10 /* AppDelegate.swift */; };
		8D5EC916276A44EA00F36A10 /* SceneDelegate.swift in Sources */ = {isa = PBXBuildFile; fileRef = 8D5EC915276A44EA00F36A10 /* SceneDelegate.swift */; };
		8D5EC918276A44EA00F36A10 /* ViewController.swift in Sources */ = {isa = PBXBuildFile; fileRef = 8D5EC917276A44EA00F36A10 /* ViewController.swift */; };
		8D5EC91B276A44EA00F36A10 /* Main.storyboard in Resources */ = {isa = PBXBuildFile; fileRef = 8D5EC919276A44EA00F36A10 /* Main.storyboard */; };
		8D5EC91D276A44F000F36A10 /* Assets.xcassets in Resources */ = {isa = PBXBuildFile; fileRef = 8D5EC91C276A44F000F36A10 /* Assets.xcassets */; };
		8D5EC920276A44F000F36A10 /* LaunchScreen.storyboard in Resources */ = {isa = PBXBuildFile; fileRef = 8D5EC91E276A44F000F36A10 /* LaunchScreen.storyboard */; };
		8D5EC928276A4B3700F36A10 /* HiViewController.swift in Sources */ = {isa = PBXBuildFile; fileRef = 8D5EC927276A4B3700F36A10 /* HiViewController.swift */; };
		8D5EC92B276F92FA00F36A10 /* UserLogin.swift in Sources */ = {isa = PBXBuildFile; fileRef = 8D5EC92A276F92FA00F36A10 /* UserLogin.swift */; };
		8D5EC92D276F96D700F36A10 /* PersonInfo.swift in Sources */ = {isa = PBXBuildFile; fileRef = 8D5EC92C276F96D700F36A10 /* PersonInfo.swift */; };
		8D5EC931276FC95100F36A10 /* AboutViewController.swift in Sources */ = {isa = PBXBuildFile; fileRef = 8D5EC930276FC95100F36A10 /* AboutViewController.swift */; };
/* End PBXBuildFile section */

/* Begin PBXFileReference section */
		8D5EC910276A44EA00F36A10 /* LoginApp.app */ = {isa = PBXFileReference; explicitFileType = wrapper.application; includeInIndex = 0; path = LoginApp.app; sourceTree = BUILT_PRODUCTS_DIR; };
		8D5EC913276A44EA00F36A10 /* AppDelegate.swift */ = {isa = PBXFileReference; lastKnownFileType = sourcecode.swift; path = AppDelegate.swift; sourceTree = "<group>"; };
		8D5EC915276A44EA00F36A10 /* SceneDelegate.swift */ = {isa = PBXFileReference; lastKnownFileType = sourcecode.swift; path = SceneDelegate.swift; sourceTree = "<group>"; };
		8D5EC917276A44EA00F36A10 /* ViewController.swift */ = {isa = PBXFileReference; lastKnownFileType = sourcecode.swift; path = ViewController.swift; sourceTree = "<group>"; };
		8D5EC91A276A44EA00F36A10 /* Base */ = {isa = PBXFileReference; lastKnownFileType = file.storyboard; name = Base; path = Base.lproj/Main.storyboard; sourceTree = "<group>"; };
		8D5EC91C276A44F000F36A10 /* Assets.xcassets */ = {isa = PBXFileReference; lastKnownFileType = folder.assetcatalog; path = Assets.xcassets; sourceTree = "<group>"; };
		8D5EC91F276A44F000F36A10 /* Base */ = {isa = PBXFileReference; lastKnownFileType = file.storyboard; name = Base; path = Base.lproj/LaunchScreen.storyboard; sourceTree = "<group>"; };
		8D5EC921276A44F000F36A10 /* Info.plist */ = {isa = PBXFileReference; lastKnownFileType = text.plist.xml; path = Info.plist; sourceTree = "<group>"; };
		8D5EC927276A4B3700F36A10 /* HiViewController.swift */ = {isa = PBXFileReference; lastKnownFileType = sourcecode.swift; path = HiViewController.swift; sourceTree = "<group>"; };
		8D5EC92A276F92FA00F36A10 /* UserLogin.swift */ = {isa = PBXFileReference; lastKnownFileType = sourcecode.swift; path = UserLogin.swift; sourceTree = "<group>"; };
		8D5EC92C276F96D700F36A10 /* PersonInfo.swift */ = {isa = PBXFileReference; lastKnownFileType = sourcecode.swift; path = PersonInfo.swift; sourceTree = "<group>"; };
		8D5EC930276FC95100F36A10 /* AboutViewController.swift */ = {isa = PBXFileReference; lastKnownFileType = sourcecode.swift; path = AboutViewController.swift; sourceTree = "<group>"; };
/* End PBXFileReference section */

/* Begin PBXFrameworksBuildPhase section */
		8D5EC90D276A44EA00F36A10 /* Frameworks */ = {
			isa = PBXFrameworksBuildPhase;
			buildActionMask = 2147483647;
			files = (
			);
			runOnlyForDeploymentPostprocessing = 0;
		};
/* End PBXFrameworksBuildPhase section */

/* Begin PBXGroup section */
		8D5EC907276A44EA00F36A10 = {
			isa = PBXGroup;
			children = (
				8D5EC912276A44EA00F36A10 /* LoginApp */,
				8D5EC911276A44EA00F36A10 /* Products */,
			);
			sourceTree = "<group>";
		};
		8D5EC911276A44EA00F36A10 /* Products */ = {
			isa = PBXGroup;
			children = (
				8D5EC910276A44EA00F36A10 /* LoginApp.app */,
			);
			name = Products;
			sourceTree = "<group>";
		};
		8D5EC912276A44EA00F36A10 /* LoginApp */ = {
			isa = PBXGroup;
			children = (
				8D5EC92F276FAD2B00F36A10 /* Storyboard */,
				8D5EC929276F929B00F36A10 /* Models */,
				8D5EC913276A44EA00F36A10 /* AppDelegate.swift */,
				8D5EC915276A44EA00F36A10 /* SceneDelegate.swift */,
				8D5EC92E276FAD0100F36A10 /* ViewControllers */,
				8D5EC91C276A44F000F36A10 /* Assets.xcassets */,
				8D5EC921276A44F000F36A10 /* Info.plist */,
			);
			path = LoginApp;
			sourceTree = "<group>";
		};
		8D5EC929276F929B00F36A10 /* Models */ = {
			isa = PBXGroup;
			children = (
				8D5EC92A276F92FA00F36A10 /* UserLogin.swift */,
				8D5EC92C276F96D700F36A10 /* PersonInfo.swift */,
			);
			path = Models;
			sourceTree = "<group>";
		};
		8D5EC92E276FAD0100F36A10 /* ViewControllers */ = {
			isa = PBXGroup;
			children = (
				8D5EC917276A44EA00F36A10 /* ViewController.swift */,
				8D5EC927276A4B3700F36A10 /* HiViewController.swift */,
				8D5EC930276FC95100F36A10 /* AboutViewController.swift */,
			);
			path = ViewControllers;
			sourceTree = "<group>";
		};
		8D5EC92F276FAD2B00F36A10 /* Storyboard */ = {
			isa = PBXGroup;
			children = (
				8D5EC919276A44EA00F36A10 /* Main.storyboard */,
				8D5EC91E276A44F000F36A10 /* LaunchScreen.storyboard */,
			);
			path = Storyboard;
			sourceTree = "<group>";
		};
/* End PBXGroup section */

/* Begin PBXNativeTarget section */
		8D5EC90F276A44EA00F36A10 /* LoginApp */ = {
			isa = PBXNativeTarget;
			buildConfigurationList = 8D5EC924276A44F000F36A10 /* Build configuration list for PBXNativeTarget "LoginApp" */;
			buildPhases = (
				8D5EC90C276A44EA00F36A10 /* Sources */,
				8D5EC90D276A44EA00F36A10 /* Frameworks */,
				8D5EC90E276A44EA00F36A10 /* Resources */,
			);
			buildRules = (
			);
			dependencies = (
			);
			name = LoginApp;
			productName = LoginApp;
			productReference = 8D5EC910276A44EA00F36A10 /* LoginApp.app */;
			productType = "com.apple.product-type.application";
		};
/* End PBXNativeTarget section */

/* Begin PBXProject section */
		8D5EC908276A44EA00F36A10 /* Project object */ = {
			isa = PBXProject;
			attributes = {
				LastSwiftUpdateCheck = 1130;
				LastUpgradeCheck = 1130;
				ORGANIZATIONNAME = "Anna Melekhina";
				TargetAttributes = {
					8D5EC90F276A44EA00F36A10 = {
						CreatedOnToolsVersion = 11.3.1;
					};
				};
			};
			buildConfigurationList = 8D5EC90B276A44EA00F36A10 /* Build configuration list for PBXProject "LoginApp" */;
			compatibilityVersion = "Xcode 9.3";
			developmentRegion = en;
			hasScannedForEncodings = 0;
			knownRegions = (
				en,
				Base,
			);
			mainGroup = 8D5EC907276A44EA00F36A10;
			productRefGroup = 8D5EC911276A44EA00F36A10 /* Products */;
			projectDirPath = "";
			projectRoot = "";
			targets = (
				8D5EC90F276A44EA00F36A10 /* LoginApp */,
			);
		};
/* End PBXProject section */

/* Begin PBXResourcesBuildPhase section */
		8D5EC90E276A44EA00F36A10 /* Resources */ = {
			isa = PBXResourcesBuildPhase;
			buildActionMask = 2147483647;
			files = (
				8D5EC920276A44F000F36A10 /* LaunchScreen.storyboard in Resources */,
				8D5EC91D276A44F000F36A10 /* Assets.xcassets in Resources */,
				8D5EC91B276A44EA00F36A10 /* Main.storyboard in Resources */,
			);
			runOnlyForDeploymentPostprocessing = 0;
		};
/* End PBXResourcesBuildPhase section */

/* Begin PBXSourcesBuildPhase section */
		8D5EC90C276A44EA00F36A10 /* Sources */ = {
			isa = PBXSourcesBuildPhase;
			buildActionMask = 2147483647;
			files = (
				8D5EC918276A44EA00F36A10 /* ViewController.swift in Sources */,
				8D5EC92B276F92FA00F36A10 /* UserLogin.swift in Sources */,
				8D5EC928276A4B3700F36A10 /* HiViewController.swift in Sources */,
				8D5EC931276FC95100F36A10 /* AboutViewController.swift in Sources */,
				8D5EC914276A44EA00F36A10 /* AppDelegate.swift in Sources */,
				8D5EC92D276F96D700F36A10 /* PersonInfo.swift in Sources */,
				8D5EC916276A44EA00F36A10 /* SceneDelegate.swift in Sources */,
			);
			runOnlyForDeploymentPostprocessing = 0;
		};
/* End PBXSourcesBuildPhase section */

/* Begin PBXVariantGroup section */
		8D5EC919276A44EA00F36A10 /* Main.storyboard */ = {
			isa = PBXVariantGroup;
			children = (
				8D5EC91A276A44EA00F36A10 /* Base */,
			);
			name = Main.storyboard;
			sourceTree = "<group>";
		};
		8D5EC91E276A44F000F36A10 /* LaunchScreen.storyboard */ = {
			isa = PBXVariantGroup;
			children = (
				8D5EC91F276A44F000F36A10 /* Base */,
			);
			name = LaunchScreen.storyboard;
			sourceTree = "<group>";
		};
/* End PBXVariantGroup section */

/* Begin XCBuildConfiguration section */
		8D5EC922276A44F000F36A10 /* Debug */ = {
			isa = XCBuildConfiguration;
			buildSettings = {
				ALWAYS_SEARCH_USER_PATHS = NO;
				CLANG_ANALYZER_NONNULL = YES;
				CLANG_ANALYZER_NUMBER_OBJECT_CONVERSION = YES_AGGRESSIVE;
				CLANG_CXX_LANGUAGE_STANDARD = "gnu++14";
				CLANG_CXX_LIBRARY = "libc++";
				CLANG_ENABLE_MODULES = YES;
				CLANG_ENABLE_OBJC_ARC = YES;
				CLANG_ENABLE_OBJC_WEAK = YES;
				CLANG_WARN_BLOCK_CAPTURE_AUTORELEASING = YES;
				CLANG_WARN_BOOL_CONVERSION = YES;
				CLANG_WARN_COMMA = YES;
				CLANG_WARN_CONSTANT_CONVERSION = YES;
				CLANG_WARN_DEPRECATED_OBJC_IMPLEMENTATIONS = YES;
				CLANG_WARN_DIRECT_OBJC_ISA_USAGE = YES_ERROR;
				CLANG_WARN_DOCUMENTATION_COMMENTS = YES;
				CLANG_WARN_EMPTY_BODY = YES;
				CLANG_WARN_ENUM_CONVERSION = YES;
				CLANG_WARN_INFINITE_RECURSION = YES;
				CLANG_WARN_INT_CONVERSION = YES;
				CLANG_WARN_NON_LITERAL_NULL_CONVERSION = YES;
				CLANG_WARN_OBJC_IMPLICIT_RETAIN_SELF = YES;
				CLANG_WARN_OBJC_LITERAL_CONVERSION = YES;
				CLANG_WARN_OBJC_ROOT_CLASS = YES_ERROR;
				CLANG_WARN_RANGE_LOOP_ANALYSIS = YES;
				CLANG_WARN_STRICT_PROTOTYPES = YES;
				CLANG_WARN_SUSPICIOUS_MOVE = YES;
				CLANG_WARN_UNGUARDED_AVAILABILITY = YES_AGGRESSIVE;
				CLANG_WARN_UNREACHABLE_CODE = YES;
				CLANG_WARN__DUPLICATE_METHOD_MATCH = YES;
				COPY_PHASE_STRIP = NO;
				DEBUG_INFORMATION_FORMAT = dwarf;
				ENABLE_STRICT_OBJC_MSGSEND = YES;
				ENABLE_TESTABILITY = YES;
				GCC_C_LANGUAGE_STANDARD = gnu11;
				GCC_DYNAMIC_NO_PIC = NO;
				GCC_NO_COMMON_BLOCKS = YES;
				GCC_OPTIMIZATION_LEVEL = 0;
				GCC_PREPROCESSOR_DEFINITIONS = (
					"DEBUG=1",
					"$(inherited)",
				);
				GCC_WARN_64_TO_32_BIT_CONVERSION = YES;
				GCC_WARN_ABOUT_RETURN_TYPE = YES_ERROR;
				GCC_WARN_UNDECLARED_SELECTOR = YES;
				GCC_WARN_UNINITIALIZED_AUTOS = YES_AGGRESSIVE;
				GCC_WARN_UNUSED_FUNCTION = YES;
				GCC_WARN_UNUSED_VARIABLE = YES;
				IPHONEOS_DEPLOYMENT_TARGET = 13.2;
				MTL_ENABLE_DEBUG_INFO = INCLUDE_SOURCE;
				MTL_FAST_MATH = YES;
				ONLY_ACTIVE_ARCH = YES;
				SDKROOT = iphoneos;
				SWIFT_ACTIVE_COMPILATION_CONDITIONS = DEBUG;
				SWIFT_OPTIMIZATION_LEVEL = "-Onone";
			};
			name = Debug;
		};
		8D5EC923276A44F000F36A10 /* Release */ = {
			isa = XCBuildConfiguration;
			buildSettings = {
				ALWAYS_SEARCH_USER_PATHS = NO;
				CLANG_ANALYZER_NONNULL = YES;
				CLANG_ANALYZER_NUMBER_OBJECT_CONVERSION = YES_AGGRESSIVE;
				CLANG_CXX_LANGUAGE_STANDARD = "gnu++14";
				CLANG_CXX_LIBRARY = "libc++";
				CLANG_ENABLE_MODULES = YES;
				CLANG_ENABLE_OBJC_ARC = YES;
				CLANG_ENABLE_OBJC_WEAK = YES;
				CLANG_WARN_BLOCK_CAPTURE_AUTORELEASING = YES;
				CLANG_WARN_BOOL_CONVERSION = YES;
				CLANG_WARN_COMMA = YES;
				CLANG_WARN_CONSTANT_CONVERSION = YES;
				CLANG_WARN_DEPRECATED_OBJC_IMPLEMENTATIONS = YES;
				CLANG_WARN_DIRECT_OBJC_ISA_USAGE = YES_ERROR;
				CLANG_WARN_DOCUMENTATION_COMMENTS = YES;
				CLANG_WARN_EMPTY_BODY = YES;
				CLANG_WARN_ENUM_CONVERSION = YES;
				CLANG_WARN_INFINITE_RECURSION = YES;
				CLANG_WARN_INT_CONVERSION = YES;
				CLANG_WARN_NON_LITERAL_NULL_CONVERSION = YES;
				CLANG_WARN_OBJC_IMPLICIT_RETAIN_SELF = YES;
				CLANG_WARN_OBJC_LITERAL_CONVERSION = YES;
				CLANG_WARN_OBJC_ROOT_CLASS = YES_ERROR;
				CLANG_WARN_RANGE_LOOP_ANALYSIS = YES;
				CLANG_WARN_STRICT_PROTOTYPES = YES;
				CLANG_WARN_SUSPICIOUS_MOVE = YES;
				CLANG_WARN_UNGUARDED_AVAILABILITY = YES_AGGRESSIVE;
				CLANG_WARN_UNREACHABLE_CODE = YES;
				CLANG_WARN__DUPLICATE_METHOD_MATCH = YES;
				COPY_PHASE_STRIP = NO;
				DEBUG_INFORMATION_FORMAT = "dwarf-with-dsym";
				ENABLE_NS_ASSERTIONS = NO;
				ENABLE_STRICT_OBJC_MSGSEND = YES;
				GCC_C_LANGUAGE_STANDARD = gnu11;
				GCC_NO_COMMON_BLOCKS = YES;
				GCC_WARN_64_TO_32_BIT_CONVERSION = YES;
				GCC_WARN_ABOUT_RETURN_TYPE = YES_ERROR;
				GCC_WARN_UNDECLARED_SELECTOR = YES;
				GCC_WARN_UNINITIALIZED_AUTOS = YES_AGGRESSIVE;
				GCC_WARN_UNUSED_FUNCTION = YES;
				GCC_WARN_UNUSED_VARIABLE = YES;
				IPHONEOS_DEPLOYMENT_TARGET = 13.2;
				MTL_ENABLE_DEBUG_INFO = NO;
				MTL_FAST_MATH = YES;
				SDKROOT = iphoneos;
				SWIFT_COMPILATION_MODE = wholemodule;
				SWIFT_OPTIMIZATION_LEVEL = "-O";
				VALIDATE_PRODUCT = YES;
			};
			name = Release;
		};
		8D5EC925276A44F000F36A10 /* Debug */ = {
			isa = XCBuildConfiguration;
			buildSettings = {
				ASSETCATALOG_COMPILER_APPICON_NAME = AppIcon;
				CODE_SIGN_STYLE = Automatic;
				INFOPLIST_FILE = LoginApp/Info.plist;
				LD_RUNPATH_SEARCH_PATHS = (
					"$(inherited)",
					"@executable_path/Frameworks",
				);
				PRODUCT_BUNDLE_IDENTIFIER = AnnaMelekhina.LoginApp;
				PRODUCT_NAME = "$(TARGET_NAME)";
				SWIFT_VERSION = 5.0;
				TARGETED_DEVICE_FAMILY = 1;
			};
			name = Debug;
		};
		8D5EC926276A44F000F36A10 /* Release */ = {
			isa = XCBuildConfiguration;
			buildSettings = {
				ASSETCATALOG_COMPILER_APPICON_NAME = AppIcon;
				CODE_SIGN_STYLE = Automatic;
				INFOPLIST_FILE = LoginApp/Info.plist;
				LD_RUNPATH_SEARCH_PATHS = (
					"$(inherited)",
					"@executable_path/Frameworks",
				);
				PRODUCT_BUNDLE_IDENTIFIER = AnnaMelekhina.LoginApp;
				PRODUCT_NAME = "$(TARGET_NAME)";
				SWIFT_VERSION = 5.0;
				TARGETED_DEVICE_FAMILY = 1;
			};
			name = Release;
		};
/* End XCBuildConfiguration section */

/* Begin XCConfigurationList section */
		8D5EC90B276A44EA00F36A10 /* Build configuration list for PBXProject "LoginApp" */ = {
			isa = XCConfigurationList;
			buildConfigurations = (
				8D5EC922276A44F000F36A10 /* Debug */,
				8D5EC923276A44F000F36A10 /* Release */,
			);
			defaultConfigurationIsVisible = 0;
			defaultConfigurationName = Release;
		};
		8D5EC924276A44F000F36A10 /* Build configuration list for PBXNativeTarget "LoginApp" */ = {
			isa = XCConfigurationList;
			buildConfigurations = (
				8D5EC925276A44F000F36A10 /* Debug */,
				8D5EC926276A44F000F36A10 /* Release */,
			);
			defaultConfigurationIsVisible = 0;
			defaultConfigurationName = Release;
		};
/* End XCConfigurationList section */
	};
	rootObject = 8D5EC908276A44EA00F36A10 /* Project object */;
}
